{
  "name": "@types/use-sound",
  "version": "1.0.0",
  "lockfileVersion": 3,
  "requires": true,
  "packages": {
    "": {
      "name": "@types/use-sound",
      "version": "1.0.0",
      "license": "MIT",
      "dependencies": {
        "@types/howler": "^2.2.10"
      }
    },
    "node_modules/@types/howler": {
      "version": "2.2.10",
      "resolved": "https://registry.npmjs.org/@types/howler/-/howler-2.2.10.tgz",
      "integrity": "sha512-MnDUQZBaDhIFTQATeO4tzOCBobtPjo2MmR0co70tMyk+HNUJB0loojn+PRkky7SrKzfvU90SqufIlQlCrtjr+A=="
    }
  }
}
